
Microsoft Visual Studio Solution File, Format Version 12.00
# Visual Studio 15
VisualStudioVersion = 15.0.27130.2036
MinimumVisualStudioVersion = 10.0.40219.1
Project("{FAE04EC0-301F-11D3-BF4B-00C04F79EFBC}") = "TestWPF", "TestWPF\TestWPF.csproj", "{0620DC31-D544-4CFF-B232-2B64985DC91A}"
EndProject
Global
	GlobalSection(SolutionConfigurationPlatforms) = preSolution
		Debug|Any CPU = Debug|Any CPU
		Debug|x64 = Debug|x64
		Release|Any CPU = Release|Any CPU
		Release|x64 = Release|x64
	EndGlobalSection
	GlobalSection(ProjectConfigurationPlatforms) = postSolution
		{0620DC31-D544-4CFF-B232-2B64985DC91A}.Debug|Any CPU.ActiveCfg = Debug|Any CPU
		{0620DC31-D544-4CFF-B232-2B64985DC91A}.Debug|Any CPU.Build.0 = Debug|Any CPU
		{0620DC31-D544-4CFF-B232-2B64985DC91A}.Debug|x64.ActiveCfg = Debug|x64
		{0620DC31-D544-4CFF-B232-2B64985DC91A}.Debug|x64.Build.0 = Debug|x64
		{0620DC31-D544-4CFF-B232-2B64985DC91A}.Release|Any CPU.ActiveCfg = Release|Any CPU
		{0620DC31-D544-4CFF-B232-2B64985DC91A}.Release|Any CPU.Build.0 = Release|Any CPU
		{0620DC31-D544-4CFF-B232-2B64985DC91A}.Release|x64.ActiveCfg = Release|x64
		{0620DC31-D544-4CFF-B232-2B64985DC91A}.Release|x64.Build.0 = Release|x64
	EndGlobalSection
	GlobalSection(SolutionProperties) = preSolution
		HideSolutionNode = FALSE
	EndGlobalSection
	GlobalSection(ExtensibilityGlobals) = postSolution
		SolutionGuid = {826F147E-B0C4-42C5-BA74-90C6224C1809}
	EndGlobalSection
EndGlobal
