
Microsoft Visual Studio Solution File, Format Version 12.00
# Visual Studio 15
VisualStudioVersion = 15.0.27130.2036
MinimumVisualStudioVersion = 10.0.40219.1
Project("{FAE04EC0-301F-11D3-BF4B-00C04F79EFBC}") = "ViewerControlLibrary", "ViewerControlLibrary\ViewerControlLibrary.csproj", "{DECD0363-D183-4DBE-B17C-5FCA3E08A086}"
EndProject
Project("{FAE04EC0-301F-11D3-BF4B-00C04F79EFBC}") = "TestForm", "TestForm\TestForm.csproj", "{3F43403A-303B-45AC-8B88-2C5D14AEB23C}"
EndProject
Global
	GlobalSection(SolutionConfigurationPlatforms) = preSolution
		Debug|Any CPU = Debug|Any CPU
		Release|Any CPU = Release|Any CPU
	EndGlobalSection
	GlobalSection(ProjectConfigurationPlatforms) = postSolution
		{DECD0363-D183-4DBE-B17C-5FCA3E08A086}.Debug|Any CPU.ActiveCfg = Debug|Any CPU
		{DECD0363-D183-4DBE-B17C-5FCA3E08A086}.Debug|Any CPU.Build.0 = Debug|Any CPU
		{DECD0363-D183-4DBE-B17C-5FCA3E08A086}.Release|Any CPU.ActiveCfg = Release|Any CPU
		{DECD0363-D183-4DBE-B17C-5FCA3E08A086}.Release|Any CPU.Build.0 = Release|Any CPU
		{3F43403A-303B-45AC-8B88-2C5D14AEB23C}.Debug|Any CPU.ActiveCfg = Debug|Any CPU
		{3F43403A-303B-45AC-8B88-2C5D14AEB23C}.Debug|Any CPU.Build.0 = Debug|Any CPU
		{3F43403A-303B-45AC-8B88-2C5D14AEB23C}.Release|Any CPU.ActiveCfg = Release|Any CPU
		{3F43403A-303B-45AC-8B88-2C5D14AEB23C}.Release|Any CPU.Build.0 = Release|Any CPU
	EndGlobalSection
	GlobalSection(SolutionProperties) = preSolution
		HideSolutionNode = FALSE
	EndGlobalSection
	GlobalSection(ExtensibilityGlobals) = postSolution
		SolutionGuid = {E6879F7A-0F79-4170-814C-3D9D37988FD5}
	EndGlobalSection
EndGlobal
